
Microsoft Visual Studio Solution File, Format Version 12.00
# Visual Studio Version 16
VisualStudioVersion = 16.0.30804.86
MinimumVisualStudioVersion = 10.0.40219.1
Project("{9A19103F-16F7-4668-BE54-9A1E7A4F7556}") = "DynamicArray", "DynamicArray\DynamicArray.csproj", "{3738F9D1-CAC1-4BF4-8C61-4344B36C92D3}"
EndProject
Project("{9A19103F-16F7-4668-BE54-9A1E7A4F7556}") = "LinkedList", "LinkedList\LinkedList.csproj", "{E15F1019-6897-4622-A54D-3FEE34A49BD3}"
EndProject
Project("{9A19103F-16F7-4668-BE54-9A1E7A4F7556}") = "InterfaceDefine", "InterfaceDefine\InterfaceDefine.csproj", "{B26AC618-E169-42E2-9C1C-716C0EAB9ADA}"
EndProject
Project("{9A19103F-16F7-4668-BE54-9A1E7A4F7556}") = "LeeCode", "LeeCode\LeeCode.csproj", "{873B77C0-90BD-4A35-B6C1-C5695DD75F34}"
EndProject
Project("{9A19103F-16F7-4668-BE54-9A1E7A4F7556}") = "Stack", "Stack\Stack.csproj", "{B7BFE23B-30F9-453B-BB4E-162E32B3C62E}"
EndProject
Project("{9A19103F-16F7-4668-BE54-9A1E7A4F7556}") = "Queue", "Queue\Queue.csproj", "{A794D1E9-1362-43F4-9B0C-18367C4C9FF7}"
EndProject
Project("{9A19103F-16F7-4668-BE54-9A1E7A4F7556}") = "Tree", "Tree\Tree.csproj", "{582BC270-A74F-4E75-80D4-ACFE7BF59CB9}"
EndProject
Project("{9A19103F-16F7-4668-BE54-9A1E7A4F7556}") = "Set", "Set\Set.csproj", "{B7BE116D-A28A-4C1E-A950-CBAAF4E5CECA}"
EndProject
Project("{FAE04EC0-301F-11D3-BF4B-00C04F79EFBC}") = "Map", "Map\Map.csproj", "{9FA49D4A-B99C-4160-A87B-7D732864CDD7}"
EndProject
Project("{FAE04EC0-301F-11D3-BF4B-00C04F79EFBC}") = "Heap", "Heap\Heap.csproj", "{AE87BDD1-A4A2-49A9-A566-F0D69C4CAC98}"
EndProject
Project("{FAE04EC0-301F-11D3-BF4B-00C04F79EFBC}") = "Sort", "Sort\Sort.csproj", "{B854760E-CCF0-40CA-928E-96BD8A71AE1B}"
EndProject
Global
	GlobalSection(SolutionConfigurationPlatforms) = preSolution
		Debug|Any CPU = Debug|Any CPU
		Release|Any CPU = Release|Any CPU
	EndGlobalSection
	GlobalSection(ProjectConfigurationPlatforms) = postSolution
		{3738F9D1-CAC1-4BF4-8C61-4344B36C92D3}.Debug|Any CPU.ActiveCfg = Debug|Any CPU
		{3738F9D1-CAC1-4BF4-8C61-4344B36C92D3}.Debug|Any CPU.Build.0 = Debug|Any CPU
		{3738F9D1-CAC1-4BF4-8C61-4344B36C92D3}.Release|Any CPU.ActiveCfg = Release|Any CPU
		{3738F9D1-CAC1-4BF4-8C61-4344B36C92D3}.Release|Any CPU.Build.0 = Release|Any CPU
		{E15F1019-6897-4622-A54D-3FEE34A49BD3}.Debug|Any CPU.ActiveCfg = Debug|Any CPU
		{E15F1019-6897-4622-A54D-3FEE34A49BD3}.Debug|Any CPU.Build.0 = Debug|Any CPU
		{E15F1019-6897-4622-A54D-3FEE34A49BD3}.Release|Any CPU.ActiveCfg = Release|Any CPU
		{E15F1019-6897-4622-A54D-3FEE34A49BD3}.Release|Any CPU.Build.0 = Release|Any CPU
		{B26AC618-E169-42E2-9C1C-716C0EAB9ADA}.Debug|Any CPU.ActiveCfg = Debug|Any CPU
		{B26AC618-E169-42E2-9C1C-716C0EAB9ADA}.Debug|Any CPU.Build.0 = Debug|Any CPU
		{B26AC618-E169-42E2-9C1C-716C0EAB9ADA}.Release|Any CPU.ActiveCfg = Release|Any CPU
		{B26AC618-E169-42E2-9C1C-716C0EAB9ADA}.Release|Any CPU.Build.0 = Release|Any CPU
		{873B77C0-90BD-4A35-B6C1-C5695DD75F34}.Debug|Any CPU.ActiveCfg = Debug|Any CPU
		{873B77C0-90BD-4A35-B6C1-C5695DD75F34}.Debug|Any CPU.Build.0 = Debug|Any CPU
		{873B77C0-90BD-4A35-B6C1-C5695DD75F34}.Release|Any CPU.ActiveCfg = Release|Any CPU
		{873B77C0-90BD-4A35-B6C1-C5695DD75F34}.Release|Any CPU.Build.0 = Release|Any CPU
		{B7BFE23B-30F9-453B-BB4E-162E32B3C62E}.Debug|Any CPU.ActiveCfg = Debug|Any CPU
		{B7BFE23B-30F9-453B-BB4E-162E32B3C62E}.Debug|Any CPU.Build.0 = Debug|Any CPU
		{B7BFE23B-30F9-453B-BB4E-162E32B3C62E}.Release|Any CPU.ActiveCfg = Release|Any CPU
		{B7BFE23B-30F9-453B-BB4E-162E32B3C62E}.Release|Any CPU.Build.0 = Release|Any CPU
		{A794D1E9-1362-43F4-9B0C-18367C4C9FF7}.Debug|Any CPU.ActiveCfg = Debug|Any CPU
		{A794D1E9-1362-43F4-9B0C-18367C4C9FF7}.Debug|Any CPU.Build.0 = Debug|Any CPU
		{A794D1E9-1362-43F4-9B0C-18367C4C9FF7}.Release|Any CPU.ActiveCfg = Release|Any CPU
		{A794D1E9-1362-43F4-9B0C-18367C4C9FF7}.Release|Any CPU.Build.0 = Release|Any CPU
		{582BC270-A74F-4E75-80D4-ACFE7BF59CB9}.Debug|Any CPU.ActiveCfg = Debug|Any CPU
		{582BC270-A74F-4E75-80D4-ACFE7BF59CB9}.Debug|Any CPU.Build.0 = Debug|Any CPU
		{582BC270-A74F-4E75-80D4-ACFE7BF59CB9}.Release|Any CPU.ActiveCfg = Release|Any CPU
		{582BC270-A74F-4E75-80D4-ACFE7BF59CB9}.Release|Any CPU.Build.0 = Release|Any CPU
		{B7BE116D-A28A-4C1E-A950-CBAAF4E5CECA}.Debug|Any CPU.ActiveCfg = Debug|Any CPU
		{B7BE116D-A28A-4C1E-A950-CBAAF4E5CECA}.Debug|Any CPU.Build.0 = Debug|Any CPU
		{B7BE116D-A28A-4C1E-A950-CBAAF4E5CECA}.Release|Any CPU.ActiveCfg = Release|Any CPU
		{B7BE116D-A28A-4C1E-A950-CBAAF4E5CECA}.Release|Any CPU.Build.0 = Release|Any CPU
		{9FA49D4A-B99C-4160-A87B-7D732864CDD7}.Debug|Any CPU.ActiveCfg = Debug|Any CPU
		{9FA49D4A-B99C-4160-A87B-7D732864CDD7}.Debug|Any CPU.Build.0 = Debug|Any CPU
		{9FA49D4A-B99C-4160-A87B-7D732864CDD7}.Release|Any CPU.ActiveCfg = Release|Any CPU
		{9FA49D4A-B99C-4160-A87B-7D732864CDD7}.Release|Any CPU.Build.0 = Release|Any CPU
		{AE87BDD1-A4A2-49A9-A566-F0D69C4CAC98}.Debug|Any CPU.ActiveCfg = Debug|Any CPU
		{AE87BDD1-A4A2-49A9-A566-F0D69C4CAC98}.Debug|Any CPU.Build.0 = Debug|Any CPU
		{AE87BDD1-A4A2-49A9-A566-F0D69C4CAC98}.Release|Any CPU.ActiveCfg = Release|Any CPU
		{AE87BDD1-A4A2-49A9-A566-F0D69C4CAC98}.Release|Any CPU.Build.0 = Release|Any CPU
		{B854760E-CCF0-40CA-928E-96BD8A71AE1B}.Debug|Any CPU.ActiveCfg = Debug|Any CPU
		{B854760E-CCF0-40CA-928E-96BD8A71AE1B}.Debug|Any CPU.Build.0 = Debug|Any CPU
		{B854760E-CCF0-40CA-928E-96BD8A71AE1B}.Release|Any CPU.ActiveCfg = Release|Any CPU
		{B854760E-CCF0-40CA-928E-96BD8A71AE1B}.Release|Any CPU.Build.0 = Release|Any CPU
	EndGlobalSection
	GlobalSection(SolutionProperties) = preSolution
		HideSolutionNode = FALSE
	EndGlobalSection
	GlobalSection(ExtensibilityGlobals) = postSolution
		SolutionGuid = {7DEF4F4D-3A2A-4708-9A2F-E31F42966DF6}
	EndGlobalSection
EndGlobal
